
Microsoft Visual Studio Solution File, Format Version 12.00
# Visual Studio Version 16
VisualStudioVersion = 16.0.29519.87
MinimumVisualStudioVersion = 10.0.40219.1
Project("{FAE04EC0-301F-11D3-BF4B-00C04F79EFBC}") = "SecurityHeaders.Web", "SecurityHeaders.Web\SecurityHeaders.Web.csproj", "{74A54A96-02D3-4468-B283-402A6B268021}"
EndProject
Global
	GlobalSection(SolutionConfigurationPlatforms) = preSolution
		Debug|Any CPU = Debug|Any CPU
		Release|Any CPU = Release|Any CPU
	EndGlobalSection
	GlobalSection(ProjectConfigurationPlatforms) = postSolution
		{74A54A96-02D3-4468-B283-402A6B268021}.Debug|Any CPU.ActiveCfg = Debug|Any CPU
		{74A54A96-02D3-4468-B283-402A6B268021}.Debug|Any CPU.Build.0 = Debug|Any CPU
		{74A54A96-02D3-4468-B283-402A6B268021}.Release|Any CPU.ActiveCfg = Release|Any CPU
		{74A54A96-02D3-4468-B283-402A6B268021}.Release|Any CPU.Build.0 = Release|Any CPU
	EndGlobalSection
	GlobalSection(SolutionProperties) = preSolution
		HideSolutionNode = FALSE
	EndGlobalSection
	GlobalSection(ExtensibilityGlobals) = postSolution
		SolutionGuid = {22C3BED8-13AD-4DE6-A28F-1B4A6D747A74}
	EndGlobalSection
EndGlobal
